// !$*UTF8*$!
{
	archiveVersion = 1;
	classes = {
	};
	objectVersion = 50;
	objects = {

/* Begin PBXBuildFile section */
		F42379C022DF05A000F39E76 /* AppDelegate.swift in Sources */ = {isa = PBXBuildFile; fileRef = F42379BF22DF05A000F39E76 /* AppDelegate.swift */; };
		F42379C222DF05A000F39E76 /* ViewController.swift in Sources */ = {isa = PBXBuildFile; fileRef = F42379C122DF05A000F39E76 /* ViewController.swift */; };
		F42379C522DF05A000F39E76 /* Main.storyboard in Resources */ = {isa = PBXBuildFile; fileRef = F42379C322DF05A000F39E76 /* Main.storyboard */; };
		F42379C722DF05A100F39E76 /* Assets.xcassets in Resources */ = {isa = PBXBuildFile; fileRef = F42379C622DF05A100F39E76 /* Assets.xcassets */; };
		F42379CA22DF05A100F39E76 /* LaunchScreen.storyboard in Resources */ = {isa = PBXBuildFile; fileRef = F42379C822DF05A100F39E76 /* LaunchScreen.storyboard */; };
		F42379D222DF05AE00F39E76 /* Model.swift in Sources */ = {isa = PBXBuildFile; fileRef = F42379D122DF05AE00F39E76 /* Model.swift */; };
		F42379D422DF121F00F39E76 /* DataService.swift in Sources */ = {isa = PBXBuildFile; fileRef = F42379D322DF121F00F39E76 /* DataService.swift */; };
		F42379D622DF269500F39E76 /* TableViewCell.swift in Sources */ = {isa = PBXBuildFile; fileRef = F42379D522DF269500F39E76 /* TableViewCell.swift */; };
		F472297F22DFF89D0062FEAF /* Entexsion.swift in Sources */ = {isa = PBXBuildFile; fileRef = F472297E22DFF89D0062FEAF /* Entexsion.swift */; };
		F472298322E014760062FEAF /* icons8-weather-portal-100.png in Resources */ = {isa = PBXBuildFile; fileRef = F472298222E014760062FEAF /* icons8-weather-portal-100.png */; };
/* End PBXBuildFile section */

/* Begin PBXFileReference section */
		F42379BC22DF05A000F39E76 /* HanoiWeatherApi.app */ = {isa = PBXFileReference; explicitFileType = wrapper.application; includeInIndex = 0; path = HanoiWeatherApi.app; sourceTree = BUILT_PRODUCTS_DIR; };
		F42379BF22DF05A000F39E76 /* AppDelegate.swift */ = {isa = PBXFileReference; lastKnownFileType = sourcecode.swift; path = AppDelegate.swift; sourceTree = "<group>"; };
		F42379C122DF05A000F39E76 /* ViewController.swift */ = {isa = PBXFileReference; lastKnownFileType = sourcecode.swift; path = ViewController.swift; sourceTree = "<group>"; };
		F42379C422DF05A000F39E76 /* Base */ = {isa = PBXFileReference; lastKnownFileType = file.storyboard; name = Base; path = Base.lproj/Main.storyboard; sourceTree = "<group>"; };
		F42379C622DF05A100F39E76 /* Assets.xcassets */ = {isa = PBXFileReference; lastKnownFileType = folder.assetcatalog; path = Assets.xcassets; sourceTree = "<group>"; };
		F42379C922DF05A100F39E76 /* Base */ = {isa = PBXFileReference; lastKnownFileType = file.storyboard; name = Base; path = Base.lproj/LaunchScreen.storyboard; sourceTree = "<group>"; };
		F42379CB22DF05A100F39E76 /* Info.plist */ = {isa = PBXFileReference; lastKnownFileType = text.plist.xml; path = Info.plist; sourceTree = "<group>"; };
		F42379D122DF05AE00F39E76 /* Model.swift */ = {isa = PBXFileReference; lastKnownFileType = sourcecode.swift; path = Model.swift; sourceTree = "<group>"; };
		F42379D322DF121F00F39E76 /* DataService.swift */ = {isa = PBXFileReference; lastKnownFileType = sourcecode.swift; path = DataService.swift; sourceTree = "<group>"; };
		F42379D522DF269500F39E76 /* TableViewCell.swift */ = {isa = PBXFileReference; lastKnownFileType = sourcecode.swift; path = TableViewCell.swift; sourceTree = "<group>"; };
		F472297E22DFF89D0062FEAF /* Entexsion.swift */ = {isa = PBXFileReference; lastKnownFileType = sourcecode.swift; path = Entexsion.swift; sourceTree = "<group>"; };
		F472298222E014760062FEAF /* icons8-weather-portal-100.png */ = {isa = PBXFileReference; lastKnownFileType = image.png; name = "icons8-weather-portal-100.png"; path = "../../../Downloads/icons8-weather-portal-100.png"; sourceTree = "<group>"; };
/* End PBXFileReference section */

/* Begin PBXFrameworksBuildPhase section */
		F42379B922DF05A000F39E76 /* Frameworks */ = {
			isa = PBXFrameworksBuildPhase;
			buildActionMask = 2147483647;
			files = (
			);
			runOnlyForDeploymentPostprocessing = 0;
		};
/* End PBXFrameworksBuildPhase section */

/* Begin PBXGroup section */
		F42379B322DF05A000F39E76 = {
			isa = PBXGroup;
			children = (
				F42379BE22DF05A000F39E76 /* HanoiWeatherApi */,
				F42379BD22DF05A000F39E76 /* Products */,
			);
			sourceTree = "<group>";
		};
		F42379BD22DF05A000F39E76 /* Products */ = {
			isa = PBXGroup;
			children = (
				F42379BC22DF05A000F39E76 /* HanoiWeatherApi.app */,
			);
			name = Products;
			sourceTree = "<group>";
		};
		F42379BE22DF05A000F39E76 /* HanoiWeatherApi */ = {
			isa = PBXGroup;
			children = (
				F42379BF22DF05A000F39E76 /* AppDelegate.swift */,
				F42379C122DF05A000F39E76 /* ViewController.swift */,
				F42379D522DF269500F39E76 /* TableViewCell.swift */,
				F42379D122DF05AE00F39E76 /* Model.swift */,
				F42379D322DF121F00F39E76 /* DataService.swift */,
				F42379C322DF05A000F39E76 /* Main.storyboard */,
				F472297E22DFF89D0062FEAF /* Entexsion.swift */,
				F42379C622DF05A100F39E76 /* Assets.xcassets */,
				F42379C822DF05A100F39E76 /* LaunchScreen.storyboard */,
				F42379CB22DF05A100F39E76 /* Info.plist */,
				F472298222E014760062FEAF /* icons8-weather-portal-100.png */,
			);
			path = HanoiWeatherApi;
			sourceTree = "<group>";
		};
/* End PBXGroup section */

/* Begin PBXNativeTarget section */
		F42379BB22DF05A000F39E76 /* HanoiWeatherApi */ = {
			isa = PBXNativeTarget;
			buildConfigurationList = F42379CE22DF05A100F39E76 /* Build configuration list for PBXNativeTarget "HanoiWeatherApi" */;
			buildPhases = (
				F42379B822DF05A000F39E76 /* Sources */,
				F42379B922DF05A000F39E76 /* Frameworks */,
				F42379BA22DF05A000F39E76 /* Resources */,
			);
			buildRules = (
			);
			dependencies = (
			);
			name = HanoiWeatherApi;
			productName = HanoiWeatherApi;
			productReference = F42379BC22DF05A000F39E76 /* HanoiWeatherApi.app */;
			productType = "com.apple.product-type.application";
		};
/* End PBXNativeTarget section */

/* Begin PBXProject section */
		F42379B422DF05A000F39E76 /* Project object */ = {
			isa = PBXProject;
			attributes = {
				LastSwiftUpdateCheck = 1000;
				LastUpgradeCheck = 1000;
				ORGANIZATIONNAME = Ngoc;
				TargetAttributes = {
					F42379BB22DF05A000F39E76 = {
						CreatedOnToolsVersion = 10.0;
					};
				};
			};
			buildConfigurationList = F42379B722DF05A000F39E76 /* Build configuration list for PBXProject "HanoiWeatherApi" */;
			compatibilityVersion = "Xcode 9.3";
			developmentRegion = en;
			hasScannedForEncodings = 0;
			knownRegions = (
				en,
				Base,
			);
			mainGroup = F42379B322DF05A000F39E76;
			productRefGroup = F42379BD22DF05A000F39E76 /* Products */;
			projectDirPath = "";
			projectRoot = "";
			targets = (
				F42379BB22DF05A000F39E76 /* HanoiWeatherApi */,
			);
		};
/* End PBXProject section */

/* Begin PBXResourcesBuildPhase section */
		F42379BA22DF05A000F39E76 /* Resources */ = {
			isa = PBXResourcesBuildPhase;
			buildActionMask = 2147483647;
			files = (
				F42379CA22DF05A100F39E76 /* LaunchScreen.storyboard in Resources */,
				F42379C722DF05A100F39E76 /* Assets.xcassets in Resources */,
				F472298322E014760062FEAF /* icons8-weather-portal-100.png in Resources */,
				F42379C522DF05A000F39E76 /* Main.storyboard in Resources */,
			);
			runOnlyForDeploymentPostprocessing = 0;
		};
/* End PBXResourcesBuildPhase section */

/* Begin PBXSourcesBuildPhase section */
		F42379B822DF05A000F39E76 /* Sources */ = {
			isa = PBXSourcesBuildPhase;
			buildActionMask = 2147483647;
			files = (
				F42379D622DF269500F39E76 /* TableViewCell.swift in Sources */,
				F42379D222DF05AE00F39E76 /* Model.swift in Sources */,
				F42379C222DF05A000F39E76 /* ViewController.swift in Sources */,
				F472297F22DFF89D0062FEAF /* Entexsion.swift in Sources */,
				F42379C022DF05A000F39E76 /* AppDelegate.swift in Sources */,
				F42379D422DF121F00F39E76 /* DataService.swift in Sources */,
			);
			runOnlyForDeploymentPostprocessing = 0;
		};
/* End PBXSourcesBuildPhase section */

/* Begin PBXVariantGroup section */
		F42379C322DF05A000F39E76 /* Main.storyboard */ = {
			isa = PBXVariantGroup;
			children = (
				F42379C422DF05A000F39E76 /* Base */,
			);
			name = Main.storyboard;
			sourceTree = "<group>";
		};
		F42379C822DF05A100F39E76 /* LaunchScreen.storyboard */ = {
			isa = PBXVariantGroup;
			children = (
				F42379C922DF05A100F39E76 /* Base */,
			);
			name = LaunchScreen.storyboard;
			sourceTree = "<group>";
		};
/* End PBXVariantGroup section */

/* Begin XCBuildConfiguration section */
		F42379CC22DF05A100F39E76 /* Debug */ = {
			isa = XCBuildConfiguration;
			buildSettings = {
				ALWAYS_SEARCH_USER_PATHS = NO;
				CLANG_ANALYZER_NONNULL = YES;
				CLANG_ANALYZER_NUMBER_OBJECT_CONVERSION = YES_AGGRESSIVE;
				CLANG_CXX_LANGUAGE_STANDARD = "gnu++14";
				CLANG_CXX_LIBRARY = "libc++";
				CLANG_ENABLE_MODULES = YES;
				CLANG_ENABLE_OBJC_ARC = YES;
				CLANG_ENABLE_OBJC_WEAK = YES;
				CLANG_WARN_BLOCK_CAPTURE_AUTORELEASING = YES;
				CLANG_WARN_BOOL_CONVERSION = YES;
				CLANG_WARN_COMMA = YES;
				CLANG_WARN_CONSTANT_CONVERSION = YES;
				CLANG_WARN_DEPRECATED_OBJC_IMPLEMENTATIONS = YES;
				CLANG_WARN_DIRECT_OBJC_ISA_USAGE = YES_ERROR;
				CLANG_WARN_DOCUMENTATION_COMMENTS = YES;
				CLANG_WARN_EMPTY_BODY = YES;
				CLANG_WARN_ENUM_CONVERSION = YES;
				CLANG_WARN_INFINITE_RECURSION = YES;
				CLANG_WARN_INT_CONVERSION = YES;
				CLANG_WARN_NON_LITERAL_NULL_CONVERSION = YES;
				CLANG_WARN_OBJC_IMPLICIT_RETAIN_SELF = YES;
				CLANG_WARN_OBJC_LITERAL_CONVERSION = YES;
				CLANG_WARN_OBJC_ROOT_CLASS = YES_ERROR;
				CLANG_WARN_RANGE_LOOP_ANALYSIS = YES;
				CLANG_WARN_STRICT_PROTOTYPES = YES;
				CLANG_WARN_SUSPICIOUS_MOVE = YES;
				CLANG_WARN_UNGUARDED_AVAILABILITY = YES_AGGRESSIVE;
				CLANG_WARN_UNREACHABLE_CODE = YES;
				CLANG_WARN__DUPLICATE_METHOD_MATCH = YES;
				CODE_SIGN_IDENTITY = "iPhone Developer";
				COPY_PHASE_STRIP = NO;
				DEBUG_INFORMATION_FORMAT = dwarf;
				ENABLE_STRICT_OBJC_MSGSEND = YES;
				ENABLE_TESTABILITY = YES;
				GCC_C_LANGUAGE_STANDARD = gnu11;
				GCC_DYNAMIC_NO_PIC = NO;
				GCC_NO_COMMON_BLOCKS = YES;
				GCC_OPTIMIZATION_LEVEL = 0;
				GCC_PREPROCESSOR_DEFINITIONS = (
					"DEBUG=1",
					"$(inherited)",
				);
				GCC_WARN_64_TO_32_BIT_CONVERSION = YES;
				GCC_WARN_ABOUT_RETURN_TYPE = YES_ERROR;
				GCC_WARN_UNDECLARED_SELECTOR = YES;
				GCC_WARN_UNINITIALIZED_AUTOS = YES_AGGRESSIVE;
				GCC_WARN_UNUSED_FUNCTION = YES;
				GCC_WARN_UNUSED_VARIABLE = YES;
				IPHONEOS_DEPLOYMENT_TARGET = 12.0;
				MTL_ENABLE_DEBUG_INFO = INCLUDE_SOURCE;
				MTL_FAST_MATH = YES;
				ONLY_ACTIVE_ARCH = YES;
				SDKROOT = iphoneos;
				SWIFT_ACTIVE_COMPILATION_CONDITIONS = DEBUG;
				SWIFT_OPTIMIZATION_LEVEL = "-Onone";
			};
			name = Debug;
		};
		F42379CD22DF05A100F39E76 /* Release */ = {
			isa = XCBuildConfiguration;
			buildSettings = {
				ALWAYS_SEARCH_USER_PATHS = NO;
				CLANG_ANALYZER_NONNULL = YES;
				CLANG_ANALYZER_NUMBER_OBJECT_CONVERSION = YES_AGGRESSIVE;
				CLANG_CXX_LANGUAGE_STANDARD = "gnu++14";
				CLANG_CXX_LIBRARY = "libc++";
				CLANG_ENABLE_MODULES = YES;
				CLANG_ENABLE_OBJC_ARC = YES;
				CLANG_ENABLE_OBJC_WEAK = YES;
				CLANG_WARN_BLOCK_CAPTURE_AUTORELEASING = YES;
				CLANG_WARN_BOOL_CONVERSION = YES;
				CLANG_WARN_COMMA = YES;
				CLANG_WARN_CONSTANT_CONVERSION = YES;
				CLANG_WARN_DEPRECATED_OBJC_IMPLEMENTATIONS = YES;
				CLANG_WARN_DIRECT_OBJC_ISA_USAGE = YES_ERROR;
				CLANG_WARN_DOCUMENTATION_COMMENTS = YES;
				CLANG_WARN_EMPTY_BODY = YES;
				CLANG_WARN_ENUM_CONVERSION = YES;
				CLANG_WARN_INFINITE_RECURSION = YES;
				CLANG_WARN_INT_CONVERSION = YES;
				CLANG_WARN_NON_LITERAL_NULL_CONVERSION = YES;
				CLANG_WARN_OBJC_IMPLICIT_RETAIN_SELF = YES;
				CLANG_WARN_OBJC_LITERAL_CONVERSION = YES;
				CLANG_WARN_OBJC_ROOT_CLASS = YES_ERROR;
				CLANG_WARN_RANGE_LOOP_ANALYSIS = YES;
				CLANG_WARN_STRICT_PROTOTYPES = YES;
				CLANG_WARN_SUSPICIOUS_MOVE = YES;
				CLANG_WARN_UNGUARDED_AVAILABILITY = YES_AGGRESSIVE;
				CLANG_WARN_UNREACHABLE_CODE = YES;
				CLANG_WARN__DUPLICATE_METHOD_MATCH = YES;
				CODE_SIGN_IDENTITY = "iPhone Developer";
				COPY_PHASE_STRIP = NO;
				DEBUG_INFORMATION_FORMAT = "dwarf-with-dsym";
				ENABLE_NS_ASSERTIONS = NO;
				ENABLE_STRICT_OBJC_MSGSEND = YES;
				GCC_C_LANGUAGE_STANDARD = gnu11;
				GCC_NO_COMMON_BLOCKS = YES;
				GCC_WARN_64_TO_32_BIT_CONVERSION = YES;
				GCC_WARN_ABOUT_RETURN_TYPE = YES_ERROR;
				GCC_WARN_UNDECLARED_SELECTOR = YES;
				GCC_WARN_UNINITIALIZED_AUTOS = YES_AGGRESSIVE;
				GCC_WARN_UNUSED_FUNCTION = YES;
				GCC_WARN_UNUSED_VARIABLE = YES;
				IPHONEOS_DEPLOYMENT_TARGET = 12.0;
				MTL_ENABLE_DEBUG_INFO = NO;
				MTL_FAST_MATH = YES;
				SDKROOT = iphoneos;
				SWIFT_COMPILATION_MODE = wholemodule;
				SWIFT_OPTIMIZATION_LEVEL = "-O";
				VALIDATE_PRODUCT = YES;
			};
			name = Release;
		};
		F42379CF22DF05A100F39E76 /* Debug */ = {
			isa = XCBuildConfiguration;
			buildSettings = {
				ASSETCATALOG_COMPILER_APPICON_NAME = AppIcon;
				CODE_SIGN_STYLE = Automatic;
				INFOPLIST_FILE = HanoiWeatherApi/Info.plist;
				LD_RUNPATH_SEARCH_PATHS = (
					"$(inherited)",
					"@executable_path/Frameworks",
				);
				PRODUCT_BUNDLE_IDENTIFIER = QN.HanoiWeatherApi;
				PRODUCT_NAME = "$(TARGET_NAME)";
				SWIFT_VERSION = 4.2;
				TARGETED_DEVICE_FAMILY = "1,2";
			};
			name = Debug;
		};
		F42379D022DF05A100F39E76 /* Release */ = {
			isa = XCBuildConfiguration;
			buildSettings = {
				ASSETCATALOG_COMPILER_APPICON_NAME = AppIcon;
				CODE_SIGN_STYLE = Automatic;
				INFOPLIST_FILE = HanoiWeatherApi/Info.plist;
				LD_RUNPATH_SEARCH_PATHS = (
					"$(inherited)",
					"@executable_path/Frameworks",
				);
				PRODUCT_BUNDLE_IDENTIFIER = QN.HanoiWeatherApi;
				PRODUCT_NAME = "$(TARGET_NAME)";
				SWIFT_VERSION = 4.2;
				TARGETED_DEVICE_FAMILY = "1,2";
			};
			name = Release;
		};
/* End XCBuildConfiguration section */

/* Begin XCConfigurationList section */
		F42379B722DF05A000F39E76 /* Build configuration list for PBXProject "HanoiWeatherApi" */ = {
			isa = XCConfigurationList;
			buildConfigurations = (
				F42379CC22DF05A100F39E76 /* Debug */,
				F42379CD22DF05A100F39E76 /* Release */,
			);
			defaultConfigurationIsVisible = 0;
			defaultConfigurationName = Release;
		};
		F42379CE22DF05A100F39E76 /* Build configuration list for PBXNativeTarget "HanoiWeatherApi" */ = {
			isa = XCConfigurationList;
			buildConfigurations = (
				F42379CF22DF05A100F39E76 /* Debug */,
				F42379D022DF05A100F39E76 /* Release */,
			);
			defaultConfigurationIsVisible = 0;
			defaultConfigurationName = Release;
		};
/* End XCConfigurationList section */
	};
	rootObject = F42379B422DF05A000F39E76 /* Project object */;
}
